
Microsoft Visual Studio Solution File, Format Version 12.00
# Visual Studio Version 17
VisualStudioVersion = 17.10.34607.79
MinimumVisualStudioVersion = 10.0.40219.1
Project("{FAE04EC0-301F-11D3-BF4B-00C04F79EFBC}") = "Domain", "src\Domain\Domain.csproj", "{5097850E-4B24-4929-8F05-B0C7063179F2}"
EndProject
Project("{FAE04EC0-301F-11D3-BF4B-00C04F79EFBC}") = "Application", "src\Application\Application.csproj", "{77296103-1D46-4100-A075-1984018DC8E8}"
EndProject
Project("{FAE04EC0-301F-11D3-BF4B-00C04F79EFBC}") = "Infrastructure", "src\Infrastructure\Infrastructure.csproj", "{731AC637-C710-461F-9A3A-D1DF51FCBD8B}"
EndProject
Project("{FAE04EC0-301F-11D3-BF4B-00C04F79EFBC}") = "Api", "src\Api\Api.csproj", "{F3592F53-8CA6-401F-9E6C-F75E723FC388}"
EndProject
Global
	GlobalSection(SolutionConfigurationPlatforms) = preSolution
		Debug|Any CPU = Debug|Any CPU
		Release|Any CPU = Release|Any CPU
	EndGlobalSection
	GlobalSection(ProjectConfigurationPlatforms) = postSolution
		{5097850E-4B24-4929-8F05-B0C7063179F2}.Debug|Any CPU.ActiveCfg = Debug|Any CPU
		{5097850E-4B24-4929-8F05-B0C7063179F2}.Debug|Any CPU.Build.0 = Debug|Any CPU
		{5097850E-4B24-4929-8F05-B0C7063179F2}.Release|Any CPU.ActiveCfg = Release|Any CPU
		{5097850E-4B24-4929-8F05-B0C7063179F2}.Release|Any CPU.Build.0 = Release|Any CPU
		{77296103-1D46-4100-A075-1984018DC8E8}.Debug|Any CPU.ActiveCfg = Debug|Any CPU
		{77296103-1D46-4100-A075-1984018DC8E8}.Debug|Any CPU.Build.0 = Debug|Any CPU
		{77296103-1D46-4100-A075-1984018DC8E8}.Release|Any CPU.ActiveCfg = Release|Any CPU
		{77296103-1D46-4100-A075-1984018DC8E8}.Release|Any CPU.Build.0 = Release|Any CPU
		{731AC637-C710-461F-9A3A-D1DF51FCBD8B}.Debug|Any CPU.ActiveCfg = Debug|Any CPU
		{731AC637-C710-461F-9A3A-D1DF51FCBD8B}.Debug|Any CPU.Build.0 = Debug|Any CPU
		{731AC637-C710-461F-9A3A-D1DF51FCBD8B}.Release|Any CPU.ActiveCfg = Release|Any CPU
		{731AC637-C710-461F-9A3A-D1DF51FCBD8B}.Release|Any CPU.Build.0 = Release|Any CPU
		{F3592F53-8CA6-401F-9E6C-F75E723FC388}.Debug|Any CPU.ActiveCfg = Debug|Any CPU
		{F3592F53-8CA6-401F-9E6C-F75E723FC388}.Debug|Any CPU.Build.0 = Debug|Any CPU
		{F3592F53-8CA6-401F-9E6C-F75E723FC388}.Release|Any CPU.ActiveCfg = Release|Any CPU
		{F3592F53-8CA6-401F-9E6C-F75E723FC388}.Release|Any CPU.Build.0 = Release|Any CPU
	EndGlobalSection
	GlobalSection(SolutionProperties) = preSolution
		HideSolutionNode = FALSE
	EndGlobalSection
	GlobalSection(ExtensibilityGlobals) = postSolution
		SolutionGuid = {3C2BBA90-D3E1-4C17-BECB-C99318936535}
	EndGlobalSection
EndGlobal
